// !$*UTF8*$!
{
	archiveVersion = 1;
	classes = {
	};
	objectVersion = 50;
	objects = {

/* Begin PBXBuildFile section */
		553669CB210F69DC00E80E2C /* Other.storyboard in Resources */ = {isa = PBXBuildFile; fileRef = 553669CA210F69DC00E80E2C /* Other.storyboard */; };
		553669D0210F728500E80E2C /* ChatTableViewCell.swift in Sources */ = {isa = PBXBuildFile; fileRef = 553669CE210F728500E80E2C /* ChatTableViewCell.swift */; };
		553669D1210F728500E80E2C /* ChatTableViewCell.xib in Resources */ = {isa = PBXBuildFile; fileRef = 553669CF210F728500E80E2C /* ChatTableViewCell.xib */; };
		553669D4210F758E00E80E2C /* RentingTableViewCell.swift in Sources */ = {isa = PBXBuildFile; fileRef = 553669D2210F758E00E80E2C /* RentingTableViewCell.swift */; };
		553669D5210F758E00E80E2C /* RentingTableViewCell.xib in Resources */ = {isa = PBXBuildFile; fileRef = 553669D3210F758E00E80E2C /* RentingTableViewCell.xib */; };
		553669D8210F83BB00E80E2C /* ShopCenterCollectionViewCell.swift in Sources */ = {isa = PBXBuildFile; fileRef = 553669D6210F83BB00E80E2C /* ShopCenterCollectionViewCell.swift */; };
		553669D9210F83BB00E80E2C /* ShopCenterCollectionViewCell.xib in Resources */ = {isa = PBXBuildFile; fileRef = 553669D7210F83BB00E80E2C /* ShopCenterCollectionViewCell.xib */; };
		55536BBD21105CF30067F56A /* ALChatManager.swift in Sources */ = {isa = PBXBuildFile; fileRef = 55536BBC21105CF20067F56A /* ALChatManager.swift */; };
		55536BBF2110B9DC0067F56A /* User.swift in Sources */ = {isa = PBXBuildFile; fileRef = 55536BBE2110B9DC0067F56A /* User.swift */; };
		55536BC12110B9E10067F56A /* User+Serializable.swift in Sources */ = {isa = PBXBuildFile; fileRef = 55536BC02110B9E10067F56A /* User+Serializable.swift */; };
		55536BC32110B9E80067F56A /* CurrentUser.swift in Sources */ = {isa = PBXBuildFile; fileRef = 55536BC22110B9E80067F56A /* CurrentUser.swift */; };
		55536BC52110B9ED0067F56A /* CurrentUser+Manager.swift in Sources */ = {isa = PBXBuildFile; fileRef = 55536BC42110B9ED0067F56A /* CurrentUser+Manager.swift */; };
		55536BC82110BA160067F56A /* ConstantsAPI.swift in Sources */ = {isa = PBXBuildFile; fileRef = 55536BC72110BA160067F56A /* ConstantsAPI.swift */; };
		55536BCB2110BA490067F56A /* CoasAPI.swift in Sources */ = {isa = PBXBuildFile; fileRef = 55536BC92110BA490067F56A /* CoasAPI.swift */; };
		55536BCC2110BA490067F56A /* CoasError.swift in Sources */ = {isa = PBXBuildFile; fileRef = 55536BCA2110BA490067F56A /* CoasError.swift */; };
		555CDF95211A01AC0089F939 /* BookingHistoryViewController.swift in Sources */ = {isa = PBXBuildFile; fileRef = 555CDF94211A01AC0089F939 /* BookingHistoryViewController.swift */; };
		555CDF98211A02160089F939 /* BookingHistoryTableViewCell.swift in Sources */ = {isa = PBXBuildFile; fileRef = 555CDF96211A02160089F939 /* BookingHistoryTableViewCell.swift */; };
		555CDF99211A02160089F939 /* BookingHistoryTableViewCell.xib in Resources */ = {isa = PBXBuildFile; fileRef = 555CDF97211A02160089F939 /* BookingHistoryTableViewCell.xib */; };
		556F2FC42109A42E00611E66 /* AppDelegate.swift in Sources */ = {isa = PBXBuildFile; fileRef = 556F2FC32109A42E00611E66 /* AppDelegate.swift */; };
		556F2FC92109A42E00611E66 /* Main.storyboard in Resources */ = {isa = PBXBuildFile; fileRef = 556F2FC72109A42E00611E66 /* Main.storyboard */; };
		556F2FCB2109A42F00611E66 /* Assets.xcassets in Resources */ = {isa = PBXBuildFile; fileRef = 556F2FCA2109A42F00611E66 /* Assets.xcassets */; };
		556F2FCE2109A42F00611E66 /* LaunchScreen.storyboard in Resources */ = {isa = PBXBuildFile; fileRef = 556F2FCC2109A42F00611E66 /* LaunchScreen.storyboard */; };
		558393C1212827340033B87B /* AddRoomAddressViewController.swift in Sources */ = {isa = PBXBuildFile; fileRef = 558393C0212827340033B87B /* AddRoomAddressViewController.swift */; };
		558393C32128276A0033B87B /* AddBedRommArrangementsVC.swift in Sources */ = {isa = PBXBuildFile; fileRef = 558393C22128276A0033B87B /* AddBedRommArrangementsVC.swift */; };
		558393C5212827990033B87B /* AddRoomAmetiesViewController.swift in Sources */ = {isa = PBXBuildFile; fileRef = 558393C4212827990033B87B /* AddRoomAmetiesViewController.swift */; };
		558393C7212828450033B87B /* AddRoomNameAndFinalViewController.swift in Sources */ = {isa = PBXBuildFile; fileRef = 558393C6212828450033B87B /* AddRoomNameAndFinalViewController.swift */; };
		558393CA21282E1F0033B87B /* FacilitesTableViewCell.swift in Sources */ = {isa = PBXBuildFile; fileRef = 558393C821282E1F0033B87B /* FacilitesTableViewCell.swift */; };
		558393CB21282E1F0033B87B /* FacilitesTableViewCell.xib in Resources */ = {isa = PBXBuildFile; fileRef = 558393C921282E1F0033B87B /* FacilitesTableViewCell.xib */; };
		558393CE212834150033B87B /* BedRoomArrangementsTableViewCell.swift in Sources */ = {isa = PBXBuildFile; fileRef = 558393CC212834150033B87B /* BedRoomArrangementsTableViewCell.swift */; };
		558393CF212834150033B87B /* BedRoomArrangementsTableViewCell.xib in Resources */ = {isa = PBXBuildFile; fileRef = 558393CD212834150033B87B /* BedRoomArrangementsTableViewCell.xib */; };
		5589FF86211C46D90082D75B /* HotelSectionHeaderCReusableView.xib in Resources */ = {isa = PBXBuildFile; fileRef = 5589FF84211C46D90082D75B /* HotelSectionHeaderCReusableView.xib */; };
		5589FF87211C46D90082D75B /* HotelSectionHeaderCReusableView.swift in Sources */ = {isa = PBXBuildFile; fileRef = 5589FF85211C46D90082D75B /* HotelSectionHeaderCReusableView.swift */; };
		5589FF89211C48240082D75B /* BookingRoomDetailsViewController.swift in Sources */ = {isa = PBXBuildFile; fileRef = 5589FF88211C48240082D75B /* BookingRoomDetailsViewController.swift */; };
		5589FF8C211C4A7D0082D75B /* HotelRoomDetailsTableViewCell.swift in Sources */ = {isa = PBXBuildFile; fileRef = 5589FF8A211C4A7D0082D75B /* HotelRoomDetailsTableViewCell.swift */; };
		5589FF8D211C4A7D0082D75B /* HotelRoomDetailsTableViewCell.xib in Resources */ = {isa = PBXBuildFile; fileRef = 5589FF8B211C4A7D0082D75B /* HotelRoomDetailsTableViewCell.xib */; };
		5589FF90211C55960082D75B /* AmenitiesTableViewCell.swift in Sources */ = {isa = PBXBuildFile; fileRef = 5589FF8E211C55960082D75B /* AmenitiesTableViewCell.swift */; };
		5589FF91211C55960082D75B /* AmenitiesTableViewCell.xib in Resources */ = {isa = PBXBuildFile; fileRef = 5589FF8F211C55960082D75B /* AmenitiesTableViewCell.xib */; };
		5589FF94211C57E50082D75B /* ArrangementsTableViewCell.swift in Sources */ = {isa = PBXBuildFile; fileRef = 5589FF92211C57E50082D75B /* ArrangementsTableViewCell.swift */; };
		5589FF95211C57E50082D75B /* ArrangementsTableViewCell.xib in Resources */ = {isa = PBXBuildFile; fileRef = 5589FF93211C57E50082D75B /* ArrangementsTableViewCell.xib */; };
		558EA9BC212724BC009B7C10 /* Room.storyboard in Resources */ = {isa = PBXBuildFile; fileRef = 558EA9BB212724BC009B7C10 /* Room.storyboard */; };
		558EA9BF21273595009B7C10 /* AddingRoomViewController.swift in Sources */ = {isa = PBXBuildFile; fileRef = 558EA9BE21273595009B7C10 /* AddingRoomViewController.swift */; };
		558EA9C221273E6D009B7C10 /* AddedRoomCollectionViewCell.swift in Sources */ = {isa = PBXBuildFile; fileRef = 558EA9C021273E6D009B7C10 /* AddedRoomCollectionViewCell.swift */; };
		558EA9C321273E6D009B7C10 /* AddedRoomCollectionViewCell.xib in Resources */ = {isa = PBXBuildFile; fileRef = 558EA9C121273E6D009B7C10 /* AddedRoomCollectionViewCell.xib */; };
		55925DB6211F412D0013F6BE /* GuestsTableViewCell.swift in Sources */ = {isa = PBXBuildFile; fileRef = 55925DB4211F412D0013F6BE /* GuestsTableViewCell.swift */; };
		55925DB7211F412D0013F6BE /* GuestsTableViewCell.xib in Resources */ = {isa = PBXBuildFile; fileRef = 55925DB5211F412D0013F6BE /* GuestsTableViewCell.xib */; };
		55925DB9211F4E0C0013F6BE /* AlertViewController.swift in Sources */ = {isa = PBXBuildFile; fileRef = 55925DB8211F4E0C0013F6BE /* AlertViewController.swift */; };
		55925DBB211F5A8A0013F6BE /* AllRoomsModel.swift in Sources */ = {isa = PBXBuildFile; fileRef = 55925DBA211F5A8A0013F6BE /* AllRoomsModel.swift */; };
		55AF087F21117C1D004B6C23 /* UserInfo.swift in Sources */ = {isa = PBXBuildFile; fileRef = 55AF087E21117C1D004B6C23 /* UserInfo.swift */; };
		55AF08812111990C004B6C23 /* UIViewController+CoasHelper.swift in Sources */ = {isa = PBXBuildFile; fileRef = 55AF08802111990C004B6C23 /* UIViewController+CoasHelper.swift */; };
		55AF08832111C8CE004B6C23 /* FakeLaunch.storyboard in Resources */ = {isa = PBXBuildFile; fileRef = 55AF08822111C8CE004B6C23 /* FakeLaunch.storyboard */; };
		55AF08852111C8E1004B6C23 /* FakeLaunchScreenVC.swift in Sources */ = {isa = PBXBuildFile; fileRef = 55AF08842111C8E1004B6C23 /* FakeLaunchScreenVC.swift */; };
		55B41B6B211CA51600A25B29 /* AmenitiesCollectionViewCell.swift in Sources */ = {isa = PBXBuildFile; fileRef = 55B41B69211CA51600A25B29 /* AmenitiesCollectionViewCell.swift */; };
		55B41B6C211CA51600A25B29 /* AmenitiesCollectionViewCell.xib in Resources */ = {isa = PBXBuildFile; fileRef = 55B41B6A211CA51600A25B29 /* AmenitiesCollectionViewCell.xib */; };
		55B41B6F211CA69A00A25B29 /* ArrangementsCollectionViewCell.swift in Sources */ = {isa = PBXBuildFile; fileRef = 55B41B6D211CA69A00A25B29 /* ArrangementsCollectionViewCell.swift */; };
		55B41B70211CA69A00A25B29 /* ArrangementsCollectionViewCell.xib in Resources */ = {isa = PBXBuildFile; fileRef = 55B41B6E211CA69A00A25B29 /* ArrangementsCollectionViewCell.xib */; };
		55B41B73211CA91F00A25B29 /* CostTableViewCell.swift in Sources */ = {isa = PBXBuildFile; fileRef = 55B41B71211CA91F00A25B29 /* CostTableViewCell.swift */; };
		55B41B74211CA91F00A25B29 /* CostTableViewCell.xib in Resources */ = {isa = PBXBuildFile; fileRef = 55B41B72211CA91F00A25B29 /* CostTableViewCell.xib */; };
		55C64E40211438710056751A /* Oswald-HeavyItalic.ttf in Resources */ = {isa = PBXBuildFile; fileRef = 55C64E2C211438710056751A /* Oswald-HeavyItalic.ttf */; };
		55C64E41211438710056751A /* Oswald-Stencil.ttf in Resources */ = {isa = PBXBuildFile; fileRef = 55C64E2D211438710056751A /* Oswald-Stencil.ttf */; };
		55C64E42211438710056751A /* Oswald-LightItalic.ttf in Resources */ = {isa = PBXBuildFile; fileRef = 55C64E2E211438710056751A /* Oswald-LightItalic.ttf */; };
		55C64E43211438710056751A /* DINPro-Medium.otf in Resources */ = {isa = PBXBuildFile; fileRef = 55C64E2F211438710056751A /* DINPro-Medium.otf */; };
		55C64E44211438710056751A /* DINPro-Bold.otf in Resources */ = {isa = PBXBuildFile; fileRef = 55C64E30211438710056751A /* DINPro-Bold.otf */; };
		55C64E45211438710056751A /* Oswald-Bold.ttf in Resources */ = {isa = PBXBuildFile; fileRef = 55C64E31211438710056751A /* Oswald-Bold.ttf */; };
		55C64E46211438710056751A /* Oswald-Medium.ttf in Resources */ = {isa = PBXBuildFile; fileRef = 55C64E32211438710056751A /* Oswald-Medium.ttf */; };
		55C64E47211438710056751A /* DINPro-Black.otf in Resources */ = {isa = PBXBuildFile; fileRef = 55C64E33211438710056751A /* DINPro-Black.otf */; };
		55C64E48211438710056751A /* Oswald-Extra-LightItalic.ttf in Resources */ = {isa = PBXBuildFile; fileRef = 55C64E34211438710056751A /* Oswald-Extra-LightItalic.ttf */; };
		55C64E49211438710056751A /* DINPro-Regular.otf in Resources */ = {isa = PBXBuildFile; fileRef = 55C64E35211438710056751A /* DINPro-Regular.otf */; };
		55C64E4A211438710056751A /* Oswald-Regular.ttf in Resources */ = {isa = PBXBuildFile; fileRef = 55C64E36211438710056751A /* Oswald-Regular.ttf */; };
		55C64E4B211438710056751A /* Oswald-Heavy.ttf in Resources */ = {isa = PBXBuildFile; fileRef = 55C64E37211438710056751A /* Oswald-Heavy.ttf */; };
		55C64E4C211438710056751A /* DINPro-Light.otf in Resources */ = {isa = PBXBuildFile; fileRef = 55C64E38211438710056751A /* DINPro-Light.otf */; };
		55C64E4D211438710056751A /* Oswald-DemiBold.ttf in Resources */ = {isa = PBXBuildFile; fileRef = 55C64E39211438710056751A /* Oswald-DemiBold.ttf */; };
		55C64E4E211438710056751A /* Oswald-RegularItalic.ttf in Resources */ = {isa = PBXBuildFile; fileRef = 55C64E3A211438710056751A /* Oswald-RegularItalic.ttf */; };
		55C64E4F211438710056751A /* Oswald-ExtraLight.ttf in Resources */ = {isa = PBXBuildFile; fileRef = 55C64E3B211438710056751A /* Oswald-ExtraLight.ttf */; };
		55C64E50211438710056751A /* Oswald-MediumItalic.ttf in Resources */ = {isa = PBXBuildFile; fileRef = 55C64E3C211438710056751A /* Oswald-MediumItalic.ttf */; };
		55C64E51211438710056751A /* Oswald-Demi-BoldItalic.ttf in Resources */ = {isa = PBXBuildFile; fileRef = 55C64E3D211438710056751A /* Oswald-Demi-BoldItalic.ttf */; };
		55C64E52211438710056751A /* Oswald-Light.ttf in Resources */ = {isa = PBXBuildFile; fileRef = 55C64E3E211438710056751A /* Oswald-Light.ttf */; };
		55C64E53211438710056751A /* Oswald-BoldItalic.ttf in Resources */ = {isa = PBXBuildFile; fileRef = 55C64E3F211438710056751A /* Oswald-BoldItalic.ttf */; };
		55E14C31211B3A9000E5CC28 /* RoomModel.swift in Sources */ = {isa = PBXBuildFile; fileRef = 55E14C30211B3A9000E5CC28 /* RoomModel.swift */; };
		55ED2189210C492B00AF41D0 /* LandingViewController.swift in Sources */ = {isa = PBXBuildFile; fileRef = 55ED2188210C492B00AF41D0 /* LandingViewController.swift */; };
		55ED2190210C4F4900AF41D0 /* UIScrollView+TPKeyboardAvoidingAdditions.m in Sources */ = {isa = PBXBuildFile; fileRef = 55ED218D210C4F4900AF41D0 /* UIScrollView+TPKeyboardAvoidingAdditions.m */; };
		55ED2191210C4F4900AF41D0 /* TPKeyboardAvoidingScrollView.m in Sources */ = {isa = PBXBuildFile; fileRef = 55ED218E210C4F4900AF41D0 /* TPKeyboardAvoidingScrollView.m */; };
		55ED2195210C4F5300AF41D0 /* SlideMenuController.swift in Sources */ = {isa = PBXBuildFile; fileRef = 55ED2193210C4F5300AF41D0 /* SlideMenuController.swift */; };
		55ED2196210C4F5300AF41D0 /* CAPSPageMenu.swift in Sources */ = {isa = PBXBuildFile; fileRef = 55ED2194210C4F5300AF41D0 /* CAPSPageMenu.swift */; };
		55ED2199210C4F6100AF41D0 /* LeftMenuTVC.swift in Sources */ = {isa = PBXBuildFile; fileRef = 55ED2197210C4F6100AF41D0 /* LeftMenuTVC.swift */; };
		55ED219A210C4F6100AF41D0 /* LeftMenuTVCell.swift in Sources */ = {isa = PBXBuildFile; fileRef = 55ED2198210C4F6100AF41D0 /* LeftMenuTVCell.swift */; };
		55ED21A0210C533600AF41D0 /* MBProgressHUD+CoasHelper.swift in Sources */ = {isa = PBXBuildFile; fileRef = 55ED219B210C533600AF41D0 /* MBProgressHUD+CoasHelper.swift */; };
		55ED21A1210C533600AF41D0 /* UIImageView+CoasHelper.swift in Sources */ = {isa = PBXBuildFile; fileRef = 55ED219C210C533600AF41D0 /* UIImageView+CoasHelper.swift */; };
		55ED21A2210C533600AF41D0 /* UIFont+CoasFonts.swift in Sources */ = {isa = PBXBuildFile; fileRef = 55ED219D210C533600AF41D0 /* UIFont+CoasFonts.swift */; };
		55ED21A3210C533600AF41D0 /* UIView+Extensions.swift in Sources */ = {isa = PBXBuildFile; fileRef = 55ED219E210C533600AF41D0 /* UIView+Extensions.swift */; };
		55ED21A4210C533600AF41D0 /* UIColor+CoasColors.swift in Sources */ = {isa = PBXBuildFile; fileRef = 55ED219F210C533600AF41D0 /* UIColor+CoasColors.swift */; };
		55ED21A6210C594500AF41D0 /* HomeViewController.swift in Sources */ = {isa = PBXBuildFile; fileRef = 55ED21A5210C594500AF41D0 /* HomeViewController.swift */; };
		55ED21A8210C595C00AF41D0 /* MessageViewController.swift in Sources */ = {isa = PBXBuildFile; fileRef = 55ED21A7210C595C00AF41D0 /* MessageViewController.swift */; };
		55ED21AA210C596F00AF41D0 /* RentingViewController.swift in Sources */ = {isa = PBXBuildFile; fileRef = 55ED21A9210C596F00AF41D0 /* RentingViewController.swift */; };
		55ED21AC210C597F00AF41D0 /* ShoppingCenterViewController.swift in Sources */ = {isa = PBXBuildFile; fileRef = 55ED21AB210C597F00AF41D0 /* ShoppingCenterViewController.swift */; };
		55ED21AE210C59C300AF41D0 /* ProfileViewController.swift in Sources */ = {isa = PBXBuildFile; fileRef = 55ED21AD210C59C300AF41D0 /* ProfileViewController.swift */; };
		55ED21B4210CDA3200AF41D0 /* Home.storyboard in Resources */ = {isa = PBXBuildFile; fileRef = 55ED21B3210CDA3200AF41D0 /* Home.storyboard */; };
		55FB17BD211E052E00D24F2C /* BookingDetailsViewController.swift in Sources */ = {isa = PBXBuildFile; fileRef = 55FB17BC211E052E00D24F2C /* BookingDetailsViewController.swift */; };
		D48E44146AE824CD3D7FA36D /* Pods_Coas.framework in Frameworks */ = {isa = PBXBuildFile; fileRef = 44B6BE5E79F8E98E2CD6EADD /* Pods_Coas.framework */; };
/* End PBXBuildFile section */

/* Begin PBXFileReference section */
		2772F891253DBCC3B638A337 /* Pods-Coas.release.xcconfig */ = {isa = PBXFileReference; includeInIndex = 1; lastKnownFileType = text.xcconfig; name = "Pods-Coas.release.xcconfig"; path = "Pods/Target Support Files/Pods-Coas/Pods-Coas.release.xcconfig"; sourceTree = "<group>"; };
		44B6BE5E79F8E98E2CD6EADD /* Pods_Coas.framework */ = {isa = PBXFileReference; explicitFileType = wrapper.framework; includeInIndex = 0; path = Pods_Coas.framework; sourceTree = BUILT_PRODUCTS_DIR; };
		553669CA210F69DC00E80E2C /* Other.storyboard */ = {isa = PBXFileReference; lastKnownFileType = file.storyboard; path = Other.storyboard; sourceTree = "<group>"; };
		553669CE210F728500E80E2C /* ChatTableViewCell.swift */ = {isa = PBXFileReference; lastKnownFileType = sourcecode.swift; path = ChatTableViewCell.swift; sourceTree = "<group>"; };
		553669CF210F728500E80E2C /* ChatTableViewCell.xib */ = {isa = PBXFileReference; lastKnownFileType = file.xib; path = ChatTableViewCell.xib; sourceTree = "<group>"; };
		553669D2210F758E00E80E2C /* RentingTableViewCell.swift */ = {isa = PBXFileReference; lastKnownFileType = sourcecode.swift; path = RentingTableViewCell.swift; sourceTree = "<group>"; };
		553669D3210F758E00E80E2C /* RentingTableViewCell.xib */ = {isa = PBXFileReference; lastKnownFileType = file.xib; path = RentingTableViewCell.xib; sourceTree = "<group>"; };
		553669D6210F83BB00E80E2C /* ShopCenterCollectionViewCell.swift */ = {isa = PBXFileReference; lastKnownFileType = sourcecode.swift; path = ShopCenterCollectionViewCell.swift; sourceTree = "<group>"; };
		553669D7210F83BB00E80E2C /* ShopCenterCollectionViewCell.xib */ = {isa = PBXFileReference; lastKnownFileType = file.xib; path = ShopCenterCollectionViewCell.xib; sourceTree = "<group>"; };
		55536BBC21105CF20067F56A /* ALChatManager.swift */ = {isa = PBXFileReference; fileEncoding = 4; lastKnownFileType = sourcecode.swift; path = ALChatManager.swift; sourceTree = "<group>"; };
		55536BBE2110B9DC0067F56A /* User.swift */ = {isa = PBXFileReference; fileEncoding = 4; lastKnownFileType = sourcecode.swift; path = User.swift; sourceTree = "<group>"; };
		55536BC02110B9E10067F56A /* User+Serializable.swift */ = {isa = PBXFileReference; fileEncoding = 4; lastKnownFileType = sourcecode.swift; path = "User+Serializable.swift"; sourceTree = "<group>"; };
		55536BC22110B9E80067F56A /* CurrentUser.swift */ = {isa = PBXFileReference; fileEncoding = 4; lastKnownFileType = sourcecode.swift; path = CurrentUser.swift; sourceTree = "<group>"; };
		55536BC42110B9ED0067F56A /* CurrentUser+Manager.swift */ = {isa = PBXFileReference; fileEncoding = 4; lastKnownFileType = sourcecode.swift; path = "CurrentUser+Manager.swift"; sourceTree = "<group>"; };
		55536BC72110BA160067F56A /* ConstantsAPI.swift */ = {isa = PBXFileReference; fileEncoding = 4; lastKnownFileType = sourcecode.swift; path = ConstantsAPI.swift; sourceTree = "<group>"; };
		55536BC92110BA490067F56A /* CoasAPI.swift */ = {isa = PBXFileReference; fileEncoding = 4; lastKnownFileType = sourcecode.swift; path = CoasAPI.swift; sourceTree = "<group>"; };
		55536BCA2110BA490067F56A /* CoasError.swift */ = {isa = PBXFileReference; fileEncoding = 4; lastKnownFileType = sourcecode.swift; path = CoasError.swift; sourceTree = "<group>"; };
		555CDF94211A01AC0089F939 /* BookingHistoryViewController.swift */ = {isa = PBXFileReference; lastKnownFileType = sourcecode.swift; path = BookingHistoryViewController.swift; sourceTree = "<group>"; };
		555CDF96211A02160089F939 /* BookingHistoryTableViewCell.swift */ = {isa = PBXFileReference; lastKnownFileType = sourcecode.swift; path = BookingHistoryTableViewCell.swift; sourceTree = "<group>"; };
		555CDF97211A02160089F939 /* BookingHistoryTableViewCell.xib */ = {isa = PBXFileReference; lastKnownFileType = file.xib; path = BookingHistoryTableViewCell.xib; sourceTree = "<group>"; };
		556F2FC02109A42E00611E66 /* Coas.app */ = {isa = PBXFileReference; explicitFileType = wrapper.application; includeInIndex = 0; path = Coas.app; sourceTree = BUILT_PRODUCTS_DIR; };
		556F2FC32109A42E00611E66 /* AppDelegate.swift */ = {isa = PBXFileReference; lastKnownFileType = sourcecode.swift; path = AppDelegate.swift; sourceTree = "<group>"; };
		556F2FC82109A42E00611E66 /* Base */ = {isa = PBXFileReference; lastKnownFileType = file.storyboard; name = Base; path = Base.lproj/Main.storyboard; sourceTree = "<group>"; };
		556F2FCA2109A42F00611E66 /* Assets.xcassets */ = {isa = PBXFileReference; lastKnownFileType = folder.assetcatalog; path = Assets.xcassets; sourceTree = "<group>"; };
		556F2FCD2109A42F00611E66 /* Base */ = {isa = PBXFileReference; lastKnownFileType = file.storyboard; name = Base; path = Base.lproj/LaunchScreen.storyboard; sourceTree = "<group>"; };
		556F2FCF2109A42F00611E66 /* Info.plist */ = {isa = PBXFileReference; lastKnownFileType = text.plist.xml; path = Info.plist; sourceTree = "<group>"; };
		558393C0212827340033B87B /* AddRoomAddressViewController.swift */ = {isa = PBXFileReference; lastKnownFileType = sourcecode.swift; path = AddRoomAddressViewController.swift; sourceTree = "<group>"; };
		558393C22128276A0033B87B /* AddBedRommArrangementsVC.swift */ = {isa = PBXFileReference; lastKnownFileType = sourcecode.swift; path = AddBedRommArrangementsVC.swift; sourceTree = "<group>"; };
		558393C4212827990033B87B /* AddRoomAmetiesViewController.swift */ = {isa = PBXFileReference; lastKnownFileType = sourcecode.swift; path = AddRoomAmetiesViewController.swift; sourceTree = "<group>"; };
		558393C6212828450033B87B /* AddRoomNameAndFinalViewController.swift */ = {isa = PBXFileReference; lastKnownFileType = sourcecode.swift; path = AddRoomNameAndFinalViewController.swift; sourceTree = "<group>"; };
		558393C821282E1F0033B87B /* FacilitesTableViewCell.swift */ = {isa = PBXFileReference; lastKnownFileType = sourcecode.swift; path = FacilitesTableViewCell.swift; sourceTree = "<group>"; };
		558393C921282E1F0033B87B /* FacilitesTableViewCell.xib */ = {isa = PBXFileReference; lastKnownFileType = file.xib; path = FacilitesTableViewCell.xib; sourceTree = "<group>"; };
		558393CC212834150033B87B /* BedRoomArrangementsTableViewCell.swift */ = {isa = PBXFileReference; lastKnownFileType = sourcecode.swift; path = BedRoomArrangementsTableViewCell.swift; sourceTree = "<group>"; };
		558393CD212834150033B87B /* BedRoomArrangementsTableViewCell.xib */ = {isa = PBXFileReference; lastKnownFileType = file.xib; path = BedRoomArrangementsTableViewCell.xib; sourceTree = "<group>"; };
		5589FF84211C46D90082D75B /* HotelSectionHeaderCReusableView.xib */ = {isa = PBXFileReference; fileEncoding = 4; lastKnownFileType = file.xib; path = HotelSectionHeaderCReusableView.xib; sourceTree = "<group>"; };
		5589FF85211C46D90082D75B /* HotelSectionHeaderCReusableView.swift */ = {isa = PBXFileReference; fileEncoding = 4; lastKnownFileType = sourcecode.swift; path = HotelSectionHeaderCReusableView.swift; sourceTree = "<group>"; };
		5589FF88211C48240082D75B /* BookingRoomDetailsViewController.swift */ = {isa = PBXFileReference; lastKnownFileType = sourcecode.swift; path = BookingRoomDetailsViewController.swift; sourceTree = "<group>"; };
		5589FF8A211C4A7D0082D75B /* HotelRoomDetailsTableViewCell.swift */ = {isa = PBXFileReference; lastKnownFileType = sourcecode.swift; path = HotelRoomDetailsTableViewCell.swift; sourceTree = "<group>"; };
		5589FF8B211C4A7D0082D75B /* HotelRoomDetailsTableViewCell.xib */ = {isa = PBXFileReference; lastKnownFileType = file.xib; path = HotelRoomDetailsTableViewCell.xib; sourceTree = "<group>"; };
		5589FF8E211C55960082D75B /* AmenitiesTableViewCell.swift */ = {isa = PBXFileReference; lastKnownFileType = sourcecode.swift; path = AmenitiesTableViewCell.swift; sourceTree = "<group>"; };
		5589FF8F211C55960082D75B /* AmenitiesTableViewCell.xib */ = {isa = PBXFileReference; lastKnownFileType = file.xib; path = AmenitiesTableViewCell.xib; sourceTree = "<group>"; };
		5589FF92211C57E50082D75B /* ArrangementsTableViewCell.swift */ = {isa = PBXFileReference; lastKnownFileType = sourcecode.swift; path = ArrangementsTableViewCell.swift; sourceTree = "<group>"; };
		5589FF93211C57E50082D75B /* ArrangementsTableViewCell.xib */ = {isa = PBXFileReference; lastKnownFileType = file.xib; path = ArrangementsTableViewCell.xib; sourceTree = "<group>"; };
		558EA9BB212724BC009B7C10 /* Room.storyboard */ = {isa = PBXFileReference; lastKnownFileType = file.storyboard; path = Room.storyboard; sourceTree = "<group>"; };
		558EA9BE21273595009B7C10 /* AddingRoomViewController.swift */ = {isa = PBXFileReference; lastKnownFileType = sourcecode.swift; path = AddingRoomViewController.swift; sourceTree = "<group>"; };
		558EA9C021273E6D009B7C10 /* AddedRoomCollectionViewCell.swift */ = {isa = PBXFileReference; lastKnownFileType = sourcecode.swift; path = AddedRoomCollectionViewCell.swift; sourceTree = "<group>"; };
		558EA9C121273E6D009B7C10 /* AddedRoomCollectionViewCell.xib */ = {isa = PBXFileReference; lastKnownFileType = file.xib; path = AddedRoomCollectionViewCell.xib; sourceTree = "<group>"; };
		55925DB4211F412D0013F6BE /* GuestsTableViewCell.swift */ = {isa = PBXFileReference; lastKnownFileType = sourcecode.swift; path = GuestsTableViewCell.swift; sourceTree = "<group>"; };
		55925DB5211F412D0013F6BE /* GuestsTableViewCell.xib */ = {isa = PBXFileReference; lastKnownFileType = file.xib; path = GuestsTableViewCell.xib; sourceTree = "<group>"; };
		55925DB8211F4E0C0013F6BE /* AlertViewController.swift */ = {isa = PBXFileReference; lastKnownFileType = sourcecode.swift; path = AlertViewController.swift; sourceTree = "<group>"; };
		55925DBA211F5A8A0013F6BE /* AllRoomsModel.swift */ = {isa = PBXFileReference; lastKnownFileType = sourcecode.swift; path = AllRoomsModel.swift; sourceTree = "<group>"; };
		55AF087E21117C1D004B6C23 /* UserInfo.swift */ = {isa = PBXFileReference; fileEncoding = 4; lastKnownFileType = sourcecode.swift; path = UserInfo.swift; sourceTree = "<group>"; };
		55AF08802111990C004B6C23 /* UIViewController+CoasHelper.swift */ = {isa = PBXFileReference; fileEncoding = 4; lastKnownFileType = sourcecode.swift; path = "UIViewController+CoasHelper.swift"; sourceTree = "<group>"; };
		55AF08822111C8CE004B6C23 /* FakeLaunch.storyboard */ = {isa = PBXFileReference; fileEncoding = 4; lastKnownFileType = file.storyboard; path = FakeLaunch.storyboard; sourceTree = "<group>"; };
		55AF08842111C8E1004B6C23 /* FakeLaunchScreenVC.swift */ = {isa = PBXFileReference; fileEncoding = 4; lastKnownFileType = sourcecode.swift; path = FakeLaunchScreenVC.swift; sourceTree = "<group>"; };
		55AF088A2112329E004B6C23 /* Coas.entitlements */ = {isa = PBXFileReference; lastKnownFileType = text.plist.entitlements; path = Coas.entitlements; sourceTree = "<group>"; };
		55B41B69211CA51600A25B29 /* AmenitiesCollectionViewCell.swift */ = {isa = PBXFileReference; lastKnownFileType = sourcecode.swift; path = AmenitiesCollectionViewCell.swift; sourceTree = "<group>"; };
		55B41B6A211CA51600A25B29 /* AmenitiesCollectionViewCell.xib */ = {isa = PBXFileReference; lastKnownFileType = file.xib; path = AmenitiesCollectionViewCell.xib; sourceTree = "<group>"; };
		55B41B6D211CA69A00A25B29 /* ArrangementsCollectionViewCell.swift */ = {isa = PBXFileReference; lastKnownFileType = sourcecode.swift; path = ArrangementsCollectionViewCell.swift; sourceTree = "<group>"; };
		55B41B6E211CA69A00A25B29 /* ArrangementsCollectionViewCell.xib */ = {isa = PBXFileReference; lastKnownFileType = file.xib; path = ArrangementsCollectionViewCell.xib; sourceTree = "<group>"; };
		55B41B71211CA91F00A25B29 /* CostTableViewCell.swift */ = {isa = PBXFileReference; lastKnownFileType = sourcecode.swift; path = CostTableViewCell.swift; sourceTree = "<group>"; };
		55B41B72211CA91F00A25B29 /* CostTableViewCell.xib */ = {isa = PBXFileReference; lastKnownFileType = file.xib; path = CostTableViewCell.xib; sourceTree = "<group>"; };
		55C64E2C211438710056751A /* Oswald-HeavyItalic.ttf */ = {isa = PBXFileReference; lastKnownFileType = file; path = "Oswald-HeavyItalic.ttf"; sourceTree = "<group>"; };
		55C64E2D211438710056751A /* Oswald-Stencil.ttf */ = {isa = PBXFileReference; lastKnownFileType = file; path = "Oswald-Stencil.ttf"; sourceTree = "<group>"; };
		55C64E2E211438710056751A /* Oswald-LightItalic.ttf */ = {isa = PBXFileReference; lastKnownFileType = file; path = "Oswald-LightItalic.ttf"; sourceTree = "<group>"; };
		55C64E2F211438710056751A /* DINPro-Medium.otf */ = {isa = PBXFileReference; lastKnownFileType = file; path = "DINPro-Medium.otf"; sourceTree = "<group>"; };
		55C64E30211438710056751A /* DINPro-Bold.otf */ = {isa = PBXFileReference; lastKnownFileType = file; path = "DINPro-Bold.otf"; sourceTree = "<group>"; };
		55C64E31211438710056751A /* Oswald-Bold.ttf */ = {isa = PBXFileReference; lastKnownFileType = file; path = "Oswald-Bold.ttf"; sourceTree = "<group>"; };
		55C64E32211438710056751A /* Oswald-Medium.ttf */ = {isa = PBXFileReference; lastKnownFileType = file; path = "Oswald-Medium.ttf"; sourceTree = "<group>"; };
		55C64E33211438710056751A /* DINPro-Black.otf */ = {isa = PBXFileReference; lastKnownFileType = file; path = "DINPro-Black.otf"; sourceTree = "<group>"; };
		55C64E34211438710056751A /* Oswald-Extra-LightItalic.ttf */ = {isa = PBXFileReference; lastKnownFileType = file; path = "Oswald-Extra-LightItalic.ttf"; sourceTree = "<group>"; };
		55C64E35211438710056751A /* DINPro-Regular.otf */ = {isa = PBXFileReference; lastKnownFileType = file; path = "DINPro-Regular.otf"; sourceTree = "<group>"; };
		55C64E36211438710056751A /* Oswald-Regular.ttf */ = {isa = PBXFileReference; lastKnownFileType = file; path = "Oswald-Regular.ttf"; sourceTree = "<group>"; };
		55C64E37211438710056751A /* Oswald-Heavy.ttf */ = {isa = PBXFileReference; lastKnownFileType = file; path = "Oswald-Heavy.ttf"; sourceTree = "<group>"; };
		55C64E38211438710056751A /* DINPro-Light.otf */ = {isa = PBXFileReference; lastKnownFileType = file; path = "DINPro-Light.otf"; sourceTree = "<group>"; };
		55C64E39211438710056751A /* Oswald-DemiBold.ttf */ = {isa = PBXFileReference; lastKnownFileType = file; path = "Oswald-DemiBold.ttf"; sourceTree = "<group>"; };
		55C64E3A211438710056751A /* Oswald-RegularItalic.ttf */ = {isa = PBXFileReference; lastKnownFileType = file; path = "Oswald-RegularItalic.ttf"; sourceTree = "<group>"; };
		55C64E3B211438710056751A /* Oswald-ExtraLight.ttf */ = {isa = PBXFileReference; lastKnownFileType = file; path = "Oswald-ExtraLight.ttf"; sourceTree = "<group>"; };
		55C64E3C211438710056751A /* Oswald-MediumItalic.ttf */ = {isa = PBXFileReference; lastKnownFileType = file; path = "Oswald-MediumItalic.ttf"; sourceTree = "<group>"; };
		55C64E3D211438710056751A /* Oswald-Demi-BoldItalic.ttf */ = {isa = PBXFileReference; lastKnownFileType = file; path = "Oswald-Demi-BoldItalic.ttf"; sourceTree = "<group>"; };
		55C64E3E211438710056751A /* Oswald-Light.ttf */ = {isa = PBXFileReference; lastKnownFileType = file; path = "Oswald-Light.ttf"; sourceTree = "<group>"; };
		55C64E3F211438710056751A /* Oswald-BoldItalic.ttf */ = {isa = PBXFileReference; lastKnownFileType = file; path = "Oswald-BoldItalic.ttf"; sourceTree = "<group>"; };
		55E14C30211B3A9000E5CC28 /* RoomModel.swift */ = {isa = PBXFileReference; fileEncoding = 4; lastKnownFileType = sourcecode.swift; path = RoomModel.swift; sourceTree = "<group>"; };
		55ED2188210C492B00AF41D0 /* LandingViewController.swift */ = {isa = PBXFileReference; lastKnownFileType = sourcecode.swift; path = LandingViewController.swift; sourceTree = "<group>"; };
		55ED218C210C4F4900AF41D0 /* TPKeyboardAvoidingScrollView.h */ = {isa = PBXFileReference; fileEncoding = 4; lastKnownFileType = sourcecode.c.h; path = TPKeyboardAvoidingScrollView.h; sourceTree = "<group>"; };
		55ED218D210C4F4900AF41D0 /* UIScrollView+TPKeyboardAvoidingAdditions.m */ = {isa = PBXFileReference; fileEncoding = 4; lastKnownFileType = sourcecode.c.objc; path = "UIScrollView+TPKeyboardAvoidingAdditions.m"; sourceTree = "<group>"; };
		55ED218E210C4F4900AF41D0 /* TPKeyboardAvoidingScrollView.m */ = {isa = PBXFileReference; fileEncoding = 4; lastKnownFileType = sourcecode.c.objc; path = TPKeyboardAvoidingScrollView.m; sourceTree = "<group>"; };
		55ED218F210C4F4900AF41D0 /* UIScrollView+TPKeyboardAvoidingAdditions.h */ = {isa = PBXFileReference; fileEncoding = 4; lastKnownFileType = sourcecode.c.h; path = "UIScrollView+TPKeyboardAvoidingAdditions.h"; sourceTree = "<group>"; };
		55ED2193210C4F5300AF41D0 /* SlideMenuController.swift */ = {isa = PBXFileReference; fileEncoding = 4; lastKnownFileType = sourcecode.swift; path = SlideMenuController.swift; sourceTree = "<group>"; };
		55ED2194210C4F5300AF41D0 /* CAPSPageMenu.swift */ = {isa = PBXFileReference; fileEncoding = 4; lastKnownFileType = sourcecode.swift; path = CAPSPageMenu.swift; sourceTree = "<group>"; };
		55ED2197210C4F6100AF41D0 /* LeftMenuTVC.swift */ = {isa = PBXFileReference; fileEncoding = 4; lastKnownFileType = sourcecode.swift; path = LeftMenuTVC.swift; sourceTree = "<group>"; };
		55ED2198210C4F6100AF41D0 /* LeftMenuTVCell.swift */ = {isa = PBXFileReference; fileEncoding = 4; lastKnownFileType = sourcecode.swift; path = LeftMenuTVCell.swift; sourceTree = "<group>"; };
		55ED219B210C533600AF41D0 /* MBProgressHUD+CoasHelper.swift */ = {isa = PBXFileReference; fileEncoding = 4; lastKnownFileType = sourcecode.swift; path = "MBProgressHUD+CoasHelper.swift"; sourceTree = "<group>"; };
		55ED219C210C533600AF41D0 /* UIImageView+CoasHelper.swift */ = {isa = PBXFileReference; fileEncoding = 4; lastKnownFileType = sourcecode.swift; path = "UIImageView+CoasHelper.swift"; sourceTree = "<group>"; };
		55ED219D210C533600AF41D0 /* UIFont+CoasFonts.swift */ = {isa = PBXFileReference; fileEncoding = 4; lastKnownFileType = sourcecode.swift; path = "UIFont+CoasFonts.swift"; sourceTree = "<group>"; };
		55ED219E210C533600AF41D0 /* UIView+Extensions.swift */ = {isa = PBXFileReference; fileEncoding = 4; lastKnownFileType = sourcecode.swift; path = "UIView+Extensions.swift"; sourceTree = "<group>"; };
		55ED219F210C533600AF41D0 /* UIColor+CoasColors.swift */ = {isa = PBXFileReference; fileEncoding = 4; lastKnownFileType = sourcecode.swift; path = "UIColor+CoasColors.swift"; sourceTree = "<group>"; };
		55ED21A5210C594500AF41D0 /* HomeViewController.swift */ = {isa = PBXFileReference; lastKnownFileType = sourcecode.swift; path = HomeViewController.swift; sourceTree = "<group>"; };
		55ED21A7210C595C00AF41D0 /* MessageViewController.swift */ = {isa = PBXFileReference; lastKnownFileType = sourcecode.swift; path = MessageViewController.swift; sourceTree = "<group>"; };
		55ED21A9210C596F00AF41D0 /* RentingViewController.swift */ = {isa = PBXFileReference; lastKnownFileType = sourcecode.swift; path = RentingViewController.swift; sourceTree = "<group>"; };
		55ED21AB210C597F00AF41D0 /* ShoppingCenterViewController.swift */ = {isa = PBXFileReference; lastKnownFileType = sourcecode.swift; path = ShoppingCenterViewController.swift; sourceTree = "<group>"; };
		55ED21AD210C59C300AF41D0 /* ProfileViewController.swift */ = {isa = PBXFileReference; lastKnownFileType = sourcecode.swift; path = ProfileViewController.swift; sourceTree = "<group>"; };
		55ED21B3210CDA3200AF41D0 /* Home.storyboard */ = {isa = PBXFileReference; lastKnownFileType = file.storyboard; path = Home.storyboard; sourceTree = "<group>"; };
		55FB17BC211E052E00D24F2C /* BookingDetailsViewController.swift */ = {isa = PBXFileReference; lastKnownFileType = sourcecode.swift; path = BookingDetailsViewController.swift; sourceTree = "<group>"; };
		FFB86217C59DB8123E71764A /* Pods-Coas.debug.xcconfig */ = {isa = PBXFileReference; includeInIndex = 1; lastKnownFileType = text.xcconfig; name = "Pods-Coas.debug.xcconfig"; path = "Pods/Target Support Files/Pods-Coas/Pods-Coas.debug.xcconfig"; sourceTree = "<group>"; };
/* End PBXFileReference section */

/* Begin PBXFrameworksBuildPhase section */
		556F2FBD2109A42E00611E66 /* Frameworks */ = {
			isa = PBXFrameworksBuildPhase;
			buildActionMask = 2147483647;
			files = (
				D48E44146AE824CD3D7FA36D /* Pods_Coas.framework in Frameworks */,
			);
			runOnlyForDeploymentPostprocessing = 0;
		};
/* End PBXFrameworksBuildPhase section */

/* Begin PBXGroup section */
		553669CC210F725E00E80E2C /* TableViewCell */ = {
			isa = PBXGroup;
			children = (
				553669CE210F728500E80E2C /* ChatTableViewCell.swift */,
				553669CF210F728500E80E2C /* ChatTableViewCell.xib */,
				553669D2210F758E00E80E2C /* RentingTableViewCell.swift */,
				553669D3210F758E00E80E2C /* RentingTableViewCell.xib */,
				555CDF96211A02160089F939 /* BookingHistoryTableViewCell.swift */,
				555CDF97211A02160089F939 /* BookingHistoryTableViewCell.xib */,
				5589FF8A211C4A7D0082D75B /* HotelRoomDetailsTableViewCell.swift */,
				5589FF8B211C4A7D0082D75B /* HotelRoomDetailsTableViewCell.xib */,
				5589FF8E211C55960082D75B /* AmenitiesTableViewCell.swift */,
				5589FF8F211C55960082D75B /* AmenitiesTableViewCell.xib */,
				5589FF92211C57E50082D75B /* ArrangementsTableViewCell.swift */,
				5589FF93211C57E50082D75B /* ArrangementsTableViewCell.xib */,
				55B41B71211CA91F00A25B29 /* CostTableViewCell.swift */,
				55B41B72211CA91F00A25B29 /* CostTableViewCell.xib */,
				55925DB4211F412D0013F6BE /* GuestsTableViewCell.swift */,
				55925DB5211F412D0013F6BE /* GuestsTableViewCell.xib */,
				558393C821282E1F0033B87B /* FacilitesTableViewCell.swift */,
				558393C921282E1F0033B87B /* FacilitesTableViewCell.xib */,
				558393CC212834150033B87B /* BedRoomArrangementsTableViewCell.swift */,
				558393CD212834150033B87B /* BedRoomArrangementsTableViewCell.xib */,
			);
			path = TableViewCell;
			sourceTree = "<group>";
		};
		553669CD210F726600E80E2C /* CollectionViewCell */ = {
			isa = PBXGroup;
			children = (
				553669D6210F83BB00E80E2C /* ShopCenterCollectionViewCell.swift */,
				553669D7210F83BB00E80E2C /* ShopCenterCollectionViewCell.xib */,
				55B41B69211CA51600A25B29 /* AmenitiesCollectionViewCell.swift */,
				55B41B6A211CA51600A25B29 /* AmenitiesCollectionViewCell.xib */,
				55B41B6D211CA69A00A25B29 /* ArrangementsCollectionViewCell.swift */,
				55B41B6E211CA69A00A25B29 /* ArrangementsCollectionViewCell.xib */,
				558EA9C021273E6D009B7C10 /* AddedRoomCollectionViewCell.swift */,
				558EA9C121273E6D009B7C10 /* AddedRoomCollectionViewCell.xib */,
			);
			path = CollectionViewCell;
			sourceTree = "<group>";
		};
		55536BBB21105CD20067F56A /* ChatFiles */ = {
			isa = PBXGroup;
			children = (
				55536BBC21105CF20067F56A /* ALChatManager.swift */,
			);
			path = ChatFiles;
			sourceTree = "<group>";
		};
		55536BC62110BA0D0067F56A /* API */ = {
			isa = PBXGroup;
			children = (
				55536BC92110BA490067F56A /* CoasAPI.swift */,
				55536BCA2110BA490067F56A /* CoasError.swift */,
				55536BC72110BA160067F56A /* ConstantsAPI.swift */,
			);
			path = API;
			sourceTree = "<group>";
		};
		556F2FB72109A42E00611E66 = {
			isa = PBXGroup;
			children = (
				556F2FC22109A42E00611E66 /* Coas */,
				556F2FC12109A42E00611E66 /* Products */,
				90DB8551DDFB37EEA8CDCA2A /* Pods */,
				B7BFAF7FCF41D79225EA8D43 /* Frameworks */,
			);
			sourceTree = "<group>";
		};
		556F2FC12109A42E00611E66 /* Products */ = {
			isa = PBXGroup;
			children = (
				556F2FC02109A42E00611E66 /* Coas.app */,
			);
			name = Products;
			sourceTree = "<group>";
		};
		556F2FC22109A42E00611E66 /* Coas */ = {
			isa = PBXGroup;
			children = (
				55AF088A2112329E004B6C23 /* Coas.entitlements */,
				556F2FDC2109A63000611E66 /* Storyboards */,
				556F2FDB2109A62B00611E66 /* Views */,
				556F2FDA2109A62500611E66 /* Cells */,
				556F2FD92109A61B00611E66 /* ViewControllers */,
				556F2FD82109A61000611E66 /* Extensions */,
				556F2FD72109A60800611E66 /* Model */,
				556F2FD62109A60100611E66 /* Services */,
				556F2FD52109A5F200611E66 /* Resources */,
				556F2FC32109A42E00611E66 /* AppDelegate.swift */,
				556F2FCA2109A42F00611E66 /* Assets.xcassets */,
				556F2FCF2109A42F00611E66 /* Info.plist */,
			);
			path = Coas;
			sourceTree = "<group>";
		};
		556F2FD52109A5F200611E66 /* Resources */ = {
			isa = PBXGroup;
			children = (
				55C64E2B211438710056751A /* Fonts */,
				55ED218A210C4F1C00AF41D0 /* ConstantFiles */,
			);
			path = Resources;
			sourceTree = "<group>";
		};
		556F2FD62109A60100611E66 /* Services */ = {
			isa = PBXGroup;
			children = (
				55536BC62110BA0D0067F56A /* API */,
			);
			path = Services;
			sourceTree = "<group>";
		};
		556F2FD72109A60800611E66 /* Model */ = {
			isa = PBXGroup;
			children = (
				55536BBE2110B9DC0067F56A /* User.swift */,
				55536BC02110B9E10067F56A /* User+Serializable.swift */,
				55AF087E21117C1D004B6C23 /* UserInfo.swift */,
				55536BC22110B9E80067F56A /* CurrentUser.swift */,
				55536BC42110B9ED0067F56A /* CurrentUser+Manager.swift */,
				55E14C30211B3A9000E5CC28 /* RoomModel.swift */,
				55925DBA211F5A8A0013F6BE /* AllRoomsModel.swift */,
			);
			path = Model;
			sourceTree = "<group>";
		};
		556F2FD82109A61000611E66 /* Extensions */ = {
			isa = PBXGroup;
			children = (
				55AF08802111990C004B6C23 /* UIViewController+CoasHelper.swift */,
				55ED219B210C533600AF41D0 /* MBProgressHUD+CoasHelper.swift */,
				55ED219F210C533600AF41D0 /* UIColor+CoasColors.swift */,
				55ED219D210C533600AF41D0 /* UIFont+CoasFonts.swift */,
				55ED219C210C533600AF41D0 /* UIImageView+CoasHelper.swift */,
				55ED219E210C533600AF41D0 /* UIView+Extensions.swift */,
			);
			path = Extensions;
			sourceTree = "<group>";
		};
		556F2FD92109A61B00611E66 /* ViewControllers */ = {
			isa = PBXGroup;
			children = (
				558EA9BD2127357E009B7C10 /* AddingRoom */,
				55AF08842111C8E1004B6C23 /* FakeLaunchScreenVC.swift */,
				55ED2188210C492B00AF41D0 /* LandingViewController.swift */,
				55ED21A5210C594500AF41D0 /* HomeViewController.swift */,
				55ED21A7210C595C00AF41D0 /* MessageViewController.swift */,
				55ED21A9210C596F00AF41D0 /* RentingViewController.swift */,
				55ED21AB210C597F00AF41D0 /* ShoppingCenterViewController.swift */,
				55ED21AD210C59C300AF41D0 /* ProfileViewController.swift */,
				555CDF94211A01AC0089F939 /* BookingHistoryViewController.swift */,
				5589FF88211C48240082D75B /* BookingRoomDetailsViewController.swift */,
				55FB17BC211E052E00D24F2C /* BookingDetailsViewController.swift */,
				55925DB8211F4E0C0013F6BE /* AlertViewController.swift */,
			);
			path = ViewControllers;
			sourceTree = "<group>";
		};
		556F2FDA2109A62500611E66 /* Cells */ = {
			isa = PBXGroup;
			children = (
				553669CD210F726600E80E2C /* CollectionViewCell */,
				553669CC210F725E00E80E2C /* TableViewCell */,
			);
			path = Cells;
			sourceTree = "<group>";
		};
		556F2FDB2109A62B00611E66 /* Views */ = {
			isa = PBXGroup;
			children = (
				5589FF85211C46D90082D75B /* HotelSectionHeaderCReusableView.swift */,
				5589FF84211C46D90082D75B /* HotelSectionHeaderCReusableView.xib */,
			);
			path = Views;
			sourceTree = "<group>";
		};
		556F2FDC2109A63000611E66 /* Storyboards */ = {
			isa = PBXGroup;
			children = (
				55AF08822111C8CE004B6C23 /* FakeLaunch.storyboard */,
				556F2FC72109A42E00611E66 /* Main.storyboard */,
				55ED21B3210CDA3200AF41D0 /* Home.storyboard */,
				553669CA210F69DC00E80E2C /* Other.storyboard */,
				556F2FCC2109A42F00611E66 /* LaunchScreen.storyboard */,
				558EA9BB212724BC009B7C10 /* Room.storyboard */,
			);
			path = Storyboards;
			sourceTree = "<group>";
		};
		558EA9BD2127357E009B7C10 /* AddingRoom */ = {
			isa = PBXGroup;
			children = (
				558EA9BE21273595009B7C10 /* AddingRoomViewController.swift */,
				558393C0212827340033B87B /* AddRoomAddressViewController.swift */,
				558393C22128276A0033B87B /* AddBedRommArrangementsVC.swift */,
				558393C4212827990033B87B /* AddRoomAmetiesViewController.swift */,
				558393C6212828450033B87B /* AddRoomNameAndFinalViewController.swift */,
			);
			path = AddingRoom;
			sourceTree = "<group>";
		};
		55C64E2B211438710056751A /* Fonts */ = {
			isa = PBXGroup;
			children = (
				55C64E2C211438710056751A /* Oswald-HeavyItalic.ttf */,
				55C64E2D211438710056751A /* Oswald-Stencil.ttf */,
				55C64E2E211438710056751A /* Oswald-LightItalic.ttf */,
				55C64E2F211438710056751A /* DINPro-Medium.otf */,
				55C64E30211438710056751A /* DINPro-Bold.otf */,
				55C64E31211438710056751A /* Oswald-Bold.ttf */,
				55C64E32211438710056751A /* Oswald-Medium.ttf */,
				55C64E33211438710056751A /* DINPro-Black.otf */,
				55C64E34211438710056751A /* Oswald-Extra-LightItalic.ttf */,
				55C64E35211438710056751A /* DINPro-Regular.otf */,
				55C64E36211438710056751A /* Oswald-Regular.ttf */,
				55C64E37211438710056751A /* Oswald-Heavy.ttf */,
				55C64E38211438710056751A /* DINPro-Light.otf */,
				55C64E39211438710056751A /* Oswald-DemiBold.ttf */,
				55C64E3A211438710056751A /* Oswald-RegularItalic.ttf */,
				55C64E3B211438710056751A /* Oswald-ExtraLight.ttf */,
				55C64E3C211438710056751A /* Oswald-MediumItalic.ttf */,
				55C64E3D211438710056751A /* Oswald-Demi-BoldItalic.ttf */,
				55C64E3E211438710056751A /* Oswald-Light.ttf */,
				55C64E3F211438710056751A /* Oswald-BoldItalic.ttf */,
			);
			path = Fonts;
			sourceTree = "<group>";
		};
		55ED218A210C4F1C00AF41D0 /* ConstantFiles */ = {
			isa = PBXGroup;
			children = (
				55536BBB21105CD20067F56A /* ChatFiles */,
				55ED2192210C4F5300AF41D0 /* Libraries */,
				55ED218B210C4F4900AF41D0 /* KeyboardScrollVew */,
			);
			path = ConstantFiles;
			sourceTree = "<group>";
		};
		55ED218B210C4F4900AF41D0 /* KeyboardScrollVew */ = {
			isa = PBXGroup;
			children = (
				55ED218C210C4F4900AF41D0 /* TPKeyboardAvoidingScrollView.h */,
				55ED218D210C4F4900AF41D0 /* UIScrollView+TPKeyboardAvoidingAdditions.m */,
				55ED218E210C4F4900AF41D0 /* TPKeyboardAvoidingScrollView.m */,
				55ED218F210C4F4900AF41D0 /* UIScrollView+TPKeyboardAvoidingAdditions.h */,
			);
			path = KeyboardScrollVew;
			sourceTree = "<group>";
		};
		55ED2192210C4F5300AF41D0 /* Libraries */ = {
			isa = PBXGroup;
			children = (
				55ED2197210C4F6100AF41D0 /* LeftMenuTVC.swift */,
				55ED2198210C4F6100AF41D0 /* LeftMenuTVCell.swift */,
				55ED2193210C4F5300AF41D0 /* SlideMenuController.swift */,
				55ED2194210C4F5300AF41D0 /* CAPSPageMenu.swift */,
			);
			path = Libraries;
			sourceTree = "<group>";
		};
		90DB8551DDFB37EEA8CDCA2A /* Pods */ = {
			isa = PBXGroup;
			children = (
				FFB86217C59DB8123E71764A /* Pods-Coas.debug.xcconfig */,
				2772F891253DBCC3B638A337 /* Pods-Coas.release.xcconfig */,
			);
			name = Pods;
			sourceTree = "<group>";
		};
		B7BFAF7FCF41D79225EA8D43 /* Frameworks */ = {
			isa = PBXGroup;
			children = (
				44B6BE5E79F8E98E2CD6EADD /* Pods_Coas.framework */,
			);
			name = Frameworks;
			sourceTree = "<group>";
		};
/* End PBXGroup section */

/* Begin PBXNativeTarget section */
		556F2FBF2109A42E00611E66 /* Coas */ = {
			isa = PBXNativeTarget;
			buildConfigurationList = 556F2FD22109A42F00611E66 /* Build configuration list for PBXNativeTarget "Coas" */;
			buildPhases = (
				E6E651EB49E09BE316CF857E /* [CP] Check Pods Manifest.lock */,
				556F2FBC2109A42E00611E66 /* Sources */,
				556F2FBD2109A42E00611E66 /* Frameworks */,
				556F2FBE2109A42E00611E66 /* Resources */,
				26E7B72B6A6D5F5EEA1901F2 /* [CP] Embed Pods Frameworks */,
			);
			buildRules = (
			);
			dependencies = (
			);
			name = Coas;
			productName = Coas;
			productReference = 556F2FC02109A42E00611E66 /* Coas.app */;
			productType = "com.apple.product-type.application";
		};
/* End PBXNativeTarget section */

/* Begin PBXProject section */
		556F2FB82109A42E00611E66 /* Project object */ = {
			isa = PBXProject;
			attributes = {
				LastSwiftUpdateCheck = 0940;
				LastUpgradeCheck = 0940;
				ORGANIZATIONNAME = com;
				TargetAttributes = {
					556F2FBF2109A42E00611E66 = {
						CreatedOnToolsVersion = 9.4;
						SystemCapabilities = {
							com.apple.BackgroundModes = {
								enabled = 1;
							};
							com.apple.Push = {
								enabled = 1;
							};
						};
					};
				};
			};
			buildConfigurationList = 556F2FBB2109A42E00611E66 /* Build configuration list for PBXProject "Coas" */;
			compatibilityVersion = "Xcode 9.3";
			developmentRegion = en;
			hasScannedForEncodings = 0;
			knownRegions = (
				en,
				Base,
			);
			mainGroup = 556F2FB72109A42E00611E66;
			productRefGroup = 556F2FC12109A42E00611E66 /* Products */;
			projectDirPath = "";
			projectRoot = "";
			targets = (
				556F2FBF2109A42E00611E66 /* Coas */,
			);
		};
/* End PBXProject section */

/* Begin PBXResourcesBuildPhase section */
		556F2FBE2109A42E00611E66 /* Resources */ = {
			isa = PBXResourcesBuildPhase;
			buildActionMask = 2147483647;
			files = (
				553669CB210F69DC00E80E2C /* Other.storyboard in Resources */,
				556F2FCE2109A42F00611E66 /* LaunchScreen.storyboard in Resources */,
				55C64E4D211438710056751A /* Oswald-DemiBold.ttf in Resources */,
				55C64E52211438710056751A /* Oswald-Light.ttf in Resources */,
				55C64E4E211438710056751A /* Oswald-RegularItalic.ttf in Resources */,
				556F2FCB2109A42F00611E66 /* Assets.xcassets in Resources */,
				558393CB21282E1F0033B87B /* FacilitesTableViewCell.xib in Resources */,
				553669D9210F83BB00E80E2C /* ShopCenterCollectionViewCell.xib in Resources */,
				55C64E53211438710056751A /* Oswald-BoldItalic.ttf in Resources */,
				55C64E51211438710056751A /* Oswald-Demi-BoldItalic.ttf in Resources */,
				55C64E49211438710056751A /* DINPro-Regular.otf in Resources */,
				55C64E44211438710056751A /* DINPro-Bold.otf in Resources */,
				5589FF86211C46D90082D75B /* HotelSectionHeaderCReusableView.xib in Resources */,
				55C64E4C211438710056751A /* DINPro-Light.otf in Resources */,
				55C64E46211438710056751A /* Oswald-Medium.ttf in Resources */,
				558393CF212834150033B87B /* BedRoomArrangementsTableViewCell.xib in Resources */,
				558EA9C321273E6D009B7C10 /* AddedRoomCollectionViewCell.xib in Resources */,
				55ED21B4210CDA3200AF41D0 /* Home.storyboard in Resources */,
				556F2FC92109A42E00611E66 /* Main.storyboard in Resources */,
				55C64E48211438710056751A /* Oswald-Extra-LightItalic.ttf in Resources */,
				55C64E40211438710056751A /* Oswald-HeavyItalic.ttf in Resources */,
				55AF08832111C8CE004B6C23 /* FakeLaunch.storyboard in Resources */,
				5589FF91211C55960082D75B /* AmenitiesTableViewCell.xib in Resources */,
				55C64E43211438710056751A /* DINPro-Medium.otf in Resources */,
				55C64E4F211438710056751A /* Oswald-ExtraLight.ttf in Resources */,
				555CDF99211A02160089F939 /* BookingHistoryTableViewCell.xib in Resources */,
				553669D5210F758E00E80E2C /* RentingTableViewCell.xib in Resources */,
				55C64E47211438710056751A /* DINPro-Black.otf in Resources */,
				55C64E4A211438710056751A /* Oswald-Regular.ttf in Resources */,
				55C64E45211438710056751A /* Oswald-Bold.ttf in Resources */,
				55C64E41211438710056751A /* Oswald-Stencil.ttf in Resources */,
				55C64E4B211438710056751A /* Oswald-Heavy.ttf in Resources */,
				55B41B70211CA69A00A25B29 /* ArrangementsCollectionViewCell.xib in Resources */,
				55B41B74211CA91F00A25B29 /* CostTableViewCell.xib in Resources */,
				5589FF8D211C4A7D0082D75B /* HotelRoomDetailsTableViewCell.xib in Resources */,
				55B41B6C211CA51600A25B29 /* AmenitiesCollectionViewCell.xib in Resources */,
				5589FF95211C57E50082D75B /* ArrangementsTableViewCell.xib in Resources */,
				55925DB7211F412D0013F6BE /* GuestsTableViewCell.xib in Resources */,
				558EA9BC212724BC009B7C10 /* Room.storyboard in Resources */,
				553669D1210F728500E80E2C /* ChatTableViewCell.xib in Resources */,
				55C64E42211438710056751A /* Oswald-LightItalic.ttf in Resources */,
				55C64E50211438710056751A /* Oswald-MediumItalic.ttf in Resources */,
			);
			runOnlyForDeploymentPostprocessing = 0;
		};
/* End PBXResourcesBuildPhase section */

/* Begin PBXShellScriptBuildPhase section */
		26E7B72B6A6D5F5EEA1901F2 /* [CP] Embed Pods Frameworks */ = {
			isa = PBXShellScriptBuildPhase;
			buildActionMask = 2147483647;
			files = (
			);
			inputPaths = (
				"${SRCROOT}/Pods/Target Support Files/Pods-Coas/Pods-Coas-frameworks.sh",
				"${BUILT_PRODUCTS_DIR}/AFNetworking/AFNetworking.framework",
				"${BUILT_PRODUCTS_DIR}/Alamofire/Alamofire.framework",
				"${BUILT_PRODUCTS_DIR}/AlamofireImage/AlamofireImage.framework",
				"${BUILT_PRODUCTS_DIR}/Applozic/Applozic.framework",
				"${BUILT_PRODUCTS_DIR}/KTCenterFlowLayout/KTCenterFlowLayout.framework",
				"${BUILT_PRODUCTS_DIR}/MBProgressHUD/MBProgressHUD.framework",
				"${BUILT_PRODUCTS_DIR}/RKCardView/RKCardView.framework",
				"${BUILT_PRODUCTS_DIR}/ReachabilitySwift/ReachabilitySwift.framework",
				"${BUILT_PRODUCTS_DIR}/SDWebImage/SDWebImage.framework",
				"${BUILT_PRODUCTS_DIR}/SwiftyJSON/SwiftyJSON.framework",
			);
			name = "[CP] Embed Pods Frameworks";
			outputPaths = (
				"${TARGET_BUILD_DIR}/${FRAMEWORKS_FOLDER_PATH}/AFNetworking.framework",
				"${TARGET_BUILD_DIR}/${FRAMEWORKS_FOLDER_PATH}/Alamofire.framework",
				"${TARGET_BUILD_DIR}/${FRAMEWORKS_FOLDER_PATH}/AlamofireImage.framework",
				"${TARGET_BUILD_DIR}/${FRAMEWORKS_FOLDER_PATH}/Applozic.framework",
				"${TARGET_BUILD_DIR}/${FRAMEWORKS_FOLDER_PATH}/KTCenterFlowLayout.framework",
				"${TARGET_BUILD_DIR}/${FRAMEWORKS_FOLDER_PATH}/MBProgressHUD.framework",
				"${TARGET_BUILD_DIR}/${FRAMEWORKS_FOLDER_PATH}/RKCardView.framework",
				"${TARGET_BUILD_DIR}/${FRAMEWORKS_FOLDER_PATH}/ReachabilitySwift.framework",
				"${TARGET_BUILD_DIR}/${FRAMEWORKS_FOLDER_PATH}/SDWebImage.framework",
				"${TARGET_BUILD_DIR}/${FRAMEWORKS_FOLDER_PATH}/SwiftyJSON.framework",
			);
			runOnlyForDeploymentPostprocessing = 0;
			shellPath = /bin/sh;
			shellScript = "\"${SRCROOT}/Pods/Target Support Files/Pods-Coas/Pods-Coas-frameworks.sh\"\n";
			showEnvVarsInLog = 0;
		};
		E6E651EB49E09BE316CF857E /* [CP] Check Pods Manifest.lock */ = {
			isa = PBXShellScriptBuildPhase;
			buildActionMask = 2147483647;
			files = (
			);
			inputPaths = (
				"${PODS_PODFILE_DIR_PATH}/Podfile.lock",
				"${PODS_ROOT}/Manifest.lock",
			);
			name = "[CP] Check Pods Manifest.lock";
			outputPaths = (
				"$(DERIVED_FILE_DIR)/Pods-Coas-checkManifestLockResult.txt",
			);
			runOnlyForDeploymentPostprocessing = 0;
			shellPath = /bin/sh;
			shellScript = "diff \"${PODS_PODFILE_DIR_PATH}/Podfile.lock\" \"${PODS_ROOT}/Manifest.lock\" > /dev/null\nif [ $? != 0 ] ; then\n    # print error to STDERR\n    echo \"error: The sandbox is not in sync with the Podfile.lock. Run 'pod install' or update your CocoaPods installation.\" >&2\n    exit 1\nfi\n# This output is used by Xcode 'outputs' to avoid re-running this script phase.\necho \"SUCCESS\" > \"${SCRIPT_OUTPUT_FILE_0}\"\n";
			showEnvVarsInLog = 0;
		};
/* End PBXShellScriptBuildPhase section */

/* Begin PBXSourcesBuildPhase section */
		556F2FBC2109A42E00611E66 /* Sources */ = {
			isa = PBXSourcesBuildPhase;
			buildActionMask = 2147483647;
			files = (
				553669D8210F83BB00E80E2C /* ShopCenterCollectionViewCell.swift in Sources */,
				55B41B6B211CA51600A25B29 /* AmenitiesCollectionViewCell.swift in Sources */,
				55ED21A0210C533600AF41D0 /* MBProgressHUD+CoasHelper.swift in Sources */,
				55ED2189210C492B00AF41D0 /* LandingViewController.swift in Sources */,
				5589FF94211C57E50082D75B /* ArrangementsTableViewCell.swift in Sources */,
				55536BC12110B9E10067F56A /* User+Serializable.swift in Sources */,
				558393C32128276A0033B87B /* AddBedRommArrangementsVC.swift in Sources */,
				55ED219A210C4F6100AF41D0 /* LeftMenuTVCell.swift in Sources */,
				55536BC32110B9E80067F56A /* CurrentUser.swift in Sources */,
				55ED2195210C4F5300AF41D0 /* SlideMenuController.swift in Sources */,
				55ED21A8210C595C00AF41D0 /* MessageViewController.swift in Sources */,
				553669D0210F728500E80E2C /* ChatTableViewCell.swift in Sources */,
				55925DB9211F4E0C0013F6BE /* AlertViewController.swift in Sources */,
				55ED21A1210C533600AF41D0 /* UIImageView+CoasHelper.swift in Sources */,
				55536BBD21105CF30067F56A /* ALChatManager.swift in Sources */,
				555CDF95211A01AC0089F939 /* BookingHistoryViewController.swift in Sources */,
				558EA9C221273E6D009B7C10 /* AddedRoomCollectionViewCell.swift in Sources */,
				558393CE212834150033B87B /* BedRoomArrangementsTableViewCell.swift in Sources */,
				55B41B6F211CA69A00A25B29 /* ArrangementsCollectionViewCell.swift in Sources */,
				558393CA21282E1F0033B87B /* FacilitesTableViewCell.swift in Sources */,
				55FB17BD211E052E00D24F2C /* BookingDetailsViewController.swift in Sources */,
				553669D4210F758E00E80E2C /* RentingTableViewCell.swift in Sources */,
				55ED21AE210C59C300AF41D0 /* ProfileViewController.swift in Sources */,
				55ED21A6210C594500AF41D0 /* HomeViewController.swift in Sources */,
				55ED21A2210C533600AF41D0 /* UIFont+CoasFonts.swift in Sources */,
				5589FF87211C46D90082D75B /* HotelSectionHeaderCReusableView.swift in Sources */,
				5589FF90211C55960082D75B /* AmenitiesTableViewCell.swift in Sources */,
				55E14C31211B3A9000E5CC28 /* RoomModel.swift in Sources */,
				55AF08812111990C004B6C23 /* UIViewController+CoasHelper.swift in Sources */,
				5589FF89211C48240082D75B /* BookingRoomDetailsViewController.swift in Sources */,
				55536BC82110BA160067F56A /* ConstantsAPI.swift in Sources */,
				55925DB6211F412D0013F6BE /* GuestsTableViewCell.swift in Sources */,
				558EA9BF21273595009B7C10 /* AddingRoomViewController.swift in Sources */,
				55536BCB2110BA490067F56A /* CoasAPI.swift in Sources */,
				55ED21A3210C533600AF41D0 /* UIView+Extensions.swift in Sources */,
				55536BCC2110BA490067F56A /* CoasError.swift in Sources */,
				55ED2196210C4F5300AF41D0 /* CAPSPageMenu.swift in Sources */,
				55ED21A4210C533600AF41D0 /* UIColor+CoasColors.swift in Sources */,
				55ED2191210C4F4900AF41D0 /* TPKeyboardAvoidingScrollView.m in Sources */,
				55ED21AA210C596F00AF41D0 /* RentingViewController.swift in Sources */,
				558393C5212827990033B87B /* AddRoomAmetiesViewController.swift in Sources */,
				55AF087F21117C1D004B6C23 /* UserInfo.swift in Sources */,
				55536BC52110B9ED0067F56A /* CurrentUser+Manager.swift in Sources */,
				55ED2190210C4F4900AF41D0 /* UIScrollView+TPKeyboardAvoidingAdditions.m in Sources */,
				55925DBB211F5A8A0013F6BE /* AllRoomsModel.swift in Sources */,
				5589FF8C211C4A7D0082D75B /* HotelRoomDetailsTableViewCell.swift in Sources */,
				556F2FC42109A42E00611E66 /* AppDelegate.swift in Sources */,
				555CDF98211A02160089F939 /* BookingHistoryTableViewCell.swift in Sources */,
				55ED21AC210C597F00AF41D0 /* ShoppingCenterViewController.swift in Sources */,
				55ED2199210C4F6100AF41D0 /* LeftMenuTVC.swift in Sources */,
				55AF08852111C8E1004B6C23 /* FakeLaunchScreenVC.swift in Sources */,
				55B41B73211CA91F00A25B29 /* CostTableViewCell.swift in Sources */,
				558393C1212827340033B87B /* AddRoomAddressViewController.swift in Sources */,
				55536BBF2110B9DC0067F56A /* User.swift in Sources */,
				558393C7212828450033B87B /* AddRoomNameAndFinalViewController.swift in Sources */,
			);
			runOnlyForDeploymentPostprocessing = 0;
		};
/* End PBXSourcesBuildPhase section */

/* Begin PBXVariantGroup section */
		556F2FC72109A42E00611E66 /* Main.storyboard */ = {
			isa = PBXVariantGroup;
			children = (
				556F2FC82109A42E00611E66 /* Base */,
			);
			name = Main.storyboard;
			sourceTree = "<group>";
		};
		556F2FCC2109A42F00611E66 /* LaunchScreen.storyboard */ = {
			isa = PBXVariantGroup;
			children = (
				556F2FCD2109A42F00611E66 /* Base */,
			);
			name = LaunchScreen.storyboard;
			sourceTree = "<group>";
		};
/* End PBXVariantGroup section */

/* Begin XCBuildConfiguration section */
		556F2FD02109A42F00611E66 /* Debug */ = {
			isa = XCBuildConfiguration;
			buildSettings = {
				ALWAYS_SEARCH_USER_PATHS = NO;
				CLANG_ANALYZER_NONNULL = YES;
				CLANG_ANALYZER_NUMBER_OBJECT_CONVERSION = YES_AGGRESSIVE;
				CLANG_CXX_LANGUAGE_STANDARD = "gnu++14";
				CLANG_CXX_LIBRARY = "libc++";
				CLANG_ENABLE_MODULES = YES;
				CLANG_ENABLE_OBJC_ARC = YES;
				CLANG_ENABLE_OBJC_WEAK = YES;
				CLANG_WARN_BLOCK_CAPTURE_AUTORELEASING = YES;
				CLANG_WARN_BOOL_CONVERSION = YES;
				CLANG_WARN_COMMA = YES;
				CLANG_WARN_CONSTANT_CONVERSION = YES;
				CLANG_WARN_DEPRECATED_OBJC_IMPLEMENTATIONS = YES;
				CLANG_WARN_DIRECT_OBJC_ISA_USAGE = YES_ERROR;
				CLANG_WARN_DOCUMENTATION_COMMENTS = YES;
				CLANG_WARN_EMPTY_BODY = YES;
				CLANG_WARN_ENUM_CONVERSION = YES;
				CLANG_WARN_INFINITE_RECURSION = YES;
				CLANG_WARN_INT_CONVERSION = YES;
				CLANG_WARN_NON_LITERAL_NULL_CONVERSION = YES;
				CLANG_WARN_OBJC_IMPLICIT_RETAIN_SELF = YES;
				CLANG_WARN_OBJC_LITERAL_CONVERSION = YES;
				CLANG_WARN_OBJC_ROOT_CLASS = YES_ERROR;
				CLANG_WARN_RANGE_LOOP_ANALYSIS = YES;
				CLANG_WARN_STRICT_PROTOTYPES = YES;
				CLANG_WARN_SUSPICIOUS_MOVE = YES;
				CLANG_WARN_UNGUARDED_AVAILABILITY = YES_AGGRESSIVE;
				CLANG_WARN_UNREACHABLE_CODE = YES;
				CLANG_WARN__DUPLICATE_METHOD_MATCH = YES;
				CODE_SIGN_IDENTITY = "iPhone Developer: Raitha Alsulaimani (787NX5GD2B)";
				COPY_PHASE_STRIP = NO;
				DEBUG_INFORMATION_FORMAT = dwarf;
				DEVELOPMENT_TEAM = CU8MWCVTZH;
				ENABLE_STRICT_OBJC_MSGSEND = YES;
				ENABLE_TESTABILITY = YES;
				GCC_C_LANGUAGE_STANDARD = gnu11;
				GCC_DYNAMIC_NO_PIC = NO;
				GCC_NO_COMMON_BLOCKS = YES;
				GCC_OPTIMIZATION_LEVEL = 0;
				GCC_PREPROCESSOR_DEFINITIONS = (
					"DEBUG=1",
					"$(inherited)",
				);
				GCC_WARN_64_TO_32_BIT_CONVERSION = YES;
				GCC_WARN_ABOUT_RETURN_TYPE = YES_ERROR;
				GCC_WARN_UNDECLARED_SELECTOR = YES;
				GCC_WARN_UNINITIALIZED_AUTOS = YES_AGGRESSIVE;
				GCC_WARN_UNUSED_FUNCTION = YES;
				GCC_WARN_UNUSED_VARIABLE = YES;
				IPHONEOS_DEPLOYMENT_TARGET = 9.3;
				MTL_ENABLE_DEBUG_INFO = YES;
				ONLY_ACTIVE_ARCH = YES;
				PROVISIONING_PROFILE = "2cd7eda2-f293-437f-845a-b2649891ac0f";
				SDKROOT = iphoneos;
				SWIFT_ACTIVE_COMPILATION_CONDITIONS = DEBUG;
				SWIFT_OPTIMIZATION_LEVEL = "-Onone";
			};
			name = Debug;
		};
		556F2FD12109A42F00611E66 /* Release */ = {
			isa = XCBuildConfiguration;
			buildSettings = {
				ALWAYS_SEARCH_USER_PATHS = NO;
				CLANG_ANALYZER_NONNULL = YES;
				CLANG_ANALYZER_NUMBER_OBJECT_CONVERSION = YES_AGGRESSIVE;
				CLANG_CXX_LANGUAGE_STANDARD = "gnu++14";
				CLANG_CXX_LIBRARY = "libc++";
				CLANG_ENABLE_MODULES = YES;
				CLANG_ENABLE_OBJC_ARC = YES;
				CLANG_ENABLE_OBJC_WEAK = YES;
				CLANG_WARN_BLOCK_CAPTURE_AUTORELEASING = YES;
				CLANG_WARN_BOOL_CONVERSION = YES;
				CLANG_WARN_COMMA = YES;
				CLANG_WARN_CONSTANT_CONVERSION = YES;
				CLANG_WARN_DEPRECATED_OBJC_IMPLEMENTATIONS = YES;
				CLANG_WARN_DIRECT_OBJC_ISA_USAGE = YES_ERROR;
				CLANG_WARN_DOCUMENTATION_COMMENTS = YES;
				CLANG_WARN_EMPTY_BODY = YES;
				CLANG_WARN_ENUM_CONVERSION = YES;
				CLANG_WARN_INFINITE_RECURSION = YES;
				CLANG_WARN_INT_CONVERSION = YES;
				CLANG_WARN_NON_LITERAL_NULL_CONVERSION = YES;
				CLANG_WARN_OBJC_IMPLICIT_RETAIN_SELF = YES;
				CLANG_WARN_OBJC_LITERAL_CONVERSION = YES;
				CLANG_WARN_OBJC_ROOT_CLASS = YES_ERROR;
				CLANG_WARN_RANGE_LOOP_ANALYSIS = YES;
				CLANG_WARN_STRICT_PROTOTYPES = YES;
				CLANG_WARN_SUSPICIOUS_MOVE = YES;
				CLANG_WARN_UNGUARDED_AVAILABILITY = YES_AGGRESSIVE;
				CLANG_WARN_UNREACHABLE_CODE = YES;
				CLANG_WARN__DUPLICATE_METHOD_MATCH = YES;
				CODE_SIGN_IDENTITY = "iPhone Distribution: Raitha Alsulaimani (CU8MWCVTZH)";
				COPY_PHASE_STRIP = NO;
				DEBUG_INFORMATION_FORMAT = "dwarf-with-dsym";
				DEVELOPMENT_TEAM = CU8MWCVTZH;
				ENABLE_NS_ASSERTIONS = NO;
				ENABLE_STRICT_OBJC_MSGSEND = YES;
				GCC_C_LANGUAGE_STANDARD = gnu11;
				GCC_NO_COMMON_BLOCKS = YES;
				GCC_WARN_64_TO_32_BIT_CONVERSION = YES;
				GCC_WARN_ABOUT_RETURN_TYPE = YES_ERROR;
				GCC_WARN_UNDECLARED_SELECTOR = YES;
				GCC_WARN_UNINITIALIZED_AUTOS = YES_AGGRESSIVE;
				GCC_WARN_UNUSED_FUNCTION = YES;
				GCC_WARN_UNUSED_VARIABLE = YES;
				IPHONEOS_DEPLOYMENT_TARGET = 9.3;
				MTL_ENABLE_DEBUG_INFO = NO;
				PROVISIONING_PROFILE = "013f108b-93fb-462b-99af-6ae21e1d0f38";
				SDKROOT = iphoneos;
				SWIFT_COMPILATION_MODE = wholemodule;
				SWIFT_OPTIMIZATION_LEVEL = "-O";
				VALIDATE_PRODUCT = YES;
			};
			name = Release;
		};
		556F2FD32109A42F00611E66 /* Debug */ = {
			isa = XCBuildConfiguration;
			baseConfigurationReference = FFB86217C59DB8123E71764A /* Pods-Coas.debug.xcconfig */;
			buildSettings = {
				ASSETCATALOG_COMPILER_APPICON_NAME = AppIcon;
				CODE_SIGN_ENTITLEMENTS = Coas/Coas.entitlements;
				CODE_SIGN_IDENTITY = "iPhone Developer: Raitha Alsulaimani (787NX5GD2B)";
				CODE_SIGN_STYLE = Manual;
				DEVELOPMENT_TEAM = CU8MWCVTZH;
				INFOPLIST_FILE = Coas/Info.plist;
				IPHONEOS_DEPLOYMENT_TARGET = 9.3;
				LD_RUNPATH_SEARCH_PATHS = (
					"$(inherited)",
					"@executable_path/Frameworks",
				);
				PRODUCT_BUNDLE_IDENTIFIER = com.CoasIOS.app;
				PRODUCT_NAME = "$(TARGET_NAME)";
				PROVISIONING_PROFILE = "2cd7eda2-f293-437f-845a-b2649891ac0f";
				PROVISIONING_PROFILE_SPECIFIER = COAS_DEV;
				SWIFT_VERSION = 4.0;
				TARGETED_DEVICE_FAMILY = 1;
			};
			name = Debug;
		};
		556F2FD42109A42F00611E66 /* Release */ = {
			isa = XCBuildConfiguration;
			baseConfigurationReference = 2772F891253DBCC3B638A337 /* Pods-Coas.release.xcconfig */;
			buildSettings = {
				ASSETCATALOG_COMPILER_APPICON_NAME = AppIcon;
				CODE_SIGN_ENTITLEMENTS = Coas/Coas.entitlements;
				CODE_SIGN_IDENTITY = "iPhone Distribution: Raitha Alsulaimani (CU8MWCVTZH)";
				CODE_SIGN_STYLE = Manual;
				DEVELOPMENT_TEAM = CU8MWCVTZH;
				INFOPLIST_FILE = Coas/Info.plist;
				IPHONEOS_DEPLOYMENT_TARGET = 9.3;
				LD_RUNPATH_SEARCH_PATHS = (
					"$(inherited)",
					"@executable_path/Frameworks",
				);
				PRODUCT_BUNDLE_IDENTIFIER = com.CoasIOS.app;
				PRODUCT_NAME = "$(TARGET_NAME)";
				PROVISIONING_PROFILE = "013f108b-93fb-462b-99af-6ae21e1d0f38";
				PROVISIONING_PROFILE_SPECIFIER = COAS_PROD;
				SWIFT_VERSION = 4.0;
				TARGETED_DEVICE_FAMILY = 1;
			};
			name = Release;
		};
/* End XCBuildConfiguration section */

/* Begin XCConfigurationList section */
		556F2FBB2109A42E00611E66 /* Build configuration list for PBXProject "Coas" */ = {
			isa = XCConfigurationList;
			buildConfigurations = (
				556F2FD02109A42F00611E66 /* Debug */,
				556F2FD12109A42F00611E66 /* Release */,
			);
			defaultConfigurationIsVisible = 0;
			defaultConfigurationName = Release;
		};
		556F2FD22109A42F00611E66 /* Build configuration list for PBXNativeTarget "Coas" */ = {
			isa = XCConfigurationList;
			buildConfigurations = (
				556F2FD32109A42F00611E66 /* Debug */,
				556F2FD42109A42F00611E66 /* Release */,
			);
			defaultConfigurationIsVisible = 0;
			defaultConfigurationName = Release;
		};
/* End XCConfigurationList section */
	};
	rootObject = 556F2FB82109A42E00611E66 /* Project object */;
}
